
Microsoft Visual Studio Solution File, Format Version 12.00
# Visual Studio 2013
VisualStudioVersion = 12.0.21005.1
MinimumVisualStudioVersion = 10.0.40219.1
Project("{FAE04EC0-301F-11D3-BF4B-00C04F79EFBC}") = "Model", "Model\Model.csproj", "{D29D65C8-309B-4F44-A6D7-D88A394FA4A3}"
EndProject
Project("{FAE04EC0-301F-11D3-BF4B-00C04F79EFBC}") = "Controller", "Controller\Controller.csproj", "{9C643DBC-D74B-448A-BA0E-5183363A56BC}"
EndProject
Project("{FAE04EC0-301F-11D3-BF4B-00C04F79EFBC}") = "View", "View\View.csproj", "{12B97FA3-6911-4777-A93F-D21B152C3C07}"
EndProject
Global
	GlobalSection(SolutionConfigurationPlatforms) = preSolution
		Debug|Any CPU = Debug|Any CPU
		Release|Any CPU = Release|Any CPU
	EndGlobalSection
	GlobalSection(ProjectConfigurationPlatforms) = postSolution
		{D29D65C8-309B-4F44-A6D7-D88A394FA4A3}.Debug|Any CPU.ActiveCfg = Debug|Any CPU
		{D29D65C8-309B-4F44-A6D7-D88A394FA4A3}.Debug|Any CPU.Build.0 = Debug|Any CPU
		{D29D65C8-309B-4F44-A6D7-D88A394FA4A3}.Release|Any CPU.ActiveCfg = Release|Any CPU
		{D29D65C8-309B-4F44-A6D7-D88A394FA4A3}.Release|Any CPU.Build.0 = Release|Any CPU
		{9C643DBC-D74B-448A-BA0E-5183363A56BC}.Debug|Any CPU.ActiveCfg = Debug|Any CPU
		{9C643DBC-D74B-448A-BA0E-5183363A56BC}.Debug|Any CPU.Build.0 = Debug|Any CPU
		{9C643DBC-D74B-448A-BA0E-5183363A56BC}.Release|Any CPU.ActiveCfg = Release|Any CPU
		{9C643DBC-D74B-448A-BA0E-5183363A56BC}.Release|Any CPU.Build.0 = Release|Any CPU
		{12B97FA3-6911-4777-A93F-D21B152C3C07}.Debug|Any CPU.ActiveCfg = Debug|Any CPU
		{12B97FA3-6911-4777-A93F-D21B152C3C07}.Debug|Any CPU.Build.0 = Debug|Any CPU
		{12B97FA3-6911-4777-A93F-D21B152C3C07}.Release|Any CPU.ActiveCfg = Release|Any CPU
		{12B97FA3-6911-4777-A93F-D21B152C3C07}.Release|Any CPU.Build.0 = Release|Any CPU
	EndGlobalSection
	GlobalSection(SolutionProperties) = preSolution
		HideSolutionNode = FALSE
	EndGlobalSection
EndGlobal
